speakeasyVersion: 1.409.0
sources:
    livepeer-studio-api:
        sourceNamespace: livepeer-studio-api
        sourceRevisionDigest: sha256:42c1a3c0ed001d19ff7bbd61e2e2991f60a3597585a446d7202b9b0a2a6e9342
        sourceBlobDigest: sha256:d25269a308c441057ade674c5f443b6bedb151d332ec3212cedef68b3411a345
        tags:
            - latest
            - main
targets: {}
workflow:
    workflowVersion: 1.0.0
    speakeasyVersion: latest
    sources:
        livepeer-ai-api:
            inputs:
                - location: https://raw.githubusercontent.com/livepeer/ai-worker/main/runner/gateway.openapi.yaml
            overlays:
                - location: https://raw.githubusercontent.com/livepeer/livepeer-ai-js/main/codeSamples.yaml
                - location: https://raw.githubusercontent.com/livepeer/livepeer-ai-go/main/codeSamples.yaml
                - location: https://raw.githubusercontent.com/livepeer/livepeer-ai-python/main/codeSamples.yaml
            output: ai/api-reference/gateway.openapi.yaml
            registry:
                location: registry.speakeasyapi.dev/livepeer/livepeer-ai/livepeer-ai-oas
        livepeer-studio-api:
            inputs:
                - location: https://raw.githubusercontent.com/livepeer/studio/master/packages/api/src/schema/api-schema.yaml
                - location: https://raw.githubusercontent.com/livepeer/studio/master/packages/api/src/schema/ai-api-schema.yaml
            overlays:
                - location: https://raw.githubusercontent.com/livepeer/livepeer-js/main/codeSamples.yaml
                - location: https://raw.githubusercontent.com/livepeer/livepeer-go/main/codeSamples.yaml
                - location: https://raw.githubusercontent.com/livepeer/livepeer-python/main/codeSamples.yaml
            output: openapi.yaml
            registry:
                location: registry.speakeasyapi.dev/livepeer/livepeer-studio/livepeer-studio-api
    targets: {}
